
Microsoft Visual Studio Solution File, Format Version 12.00
# Visual Studio 15
VisualStudioVersion = 15.0.26730.15
MinimumVisualStudioVersion = 10.0.40219.1
Project("{2150E333-8FDC-42A3-9474-1A3956D46DE8}") = "DataAccessLayer", "DataAccessLayer", "{6F4DAFCB-8719-441B-B87F-FA821671A83B}"
EndProject
Project("{2150E333-8FDC-42A3-9474-1A3956D46DE8}") = "ConsoleClient", "ConsoleClient", "{01C60C76-6B78-4516-AFFD-DBB7CCB8BBBE}"
EndProject
Project("{2150E333-8FDC-42A3-9474-1A3956D46DE8}") = "DataSeeder", "DataSeeder", "{01456457-3BCB-49AA-B3F8-D1CF0ED1182D}"
EndProject
Project("{2150E333-8FDC-42A3-9474-1A3956D46DE8}") = "DBAccess", "DBAccess", "{F1E20559-2ADB-414B-A5E3-1A7C40404916}"
EndProject
Project("{2150E333-8FDC-42A3-9474-1A3956D46DE8}") = "Models", "Models", "{AF72F710-1D56-409F-937A-11ECB4EBBE00}"
EndProject
Project("{FAE04EC0-301F-11D3-BF4B-00C04F79EFBC}") = "ConsoleClient", "DataAccessLayer\ConsoleClient\ConsoleClient.csproj", "{D221D698-67DC-4732-B1E0-AD0B4E3CDE4E}"
EndProject
Project("{FAE04EC0-301F-11D3-BF4B-00C04F79EFBC}") = "DataSeeder", "DataAccessLayer\DataSeeder\DataSeeder.csproj", "{A456B14B-EE25-49AE-B5E0-83CDD96D80EE}"
EndProject
Project("{FAE04EC0-301F-11D3-BF4B-00C04F79EFBC}") = "DBAccess", "DataAccessLayer\DBAccess\DBAccess.csproj", "{E2B6E8A7-169D-4176-83EC-75C0F9D7B2BD}"
EndProject
Project("{FAE04EC0-301F-11D3-BF4B-00C04F79EFBC}") = "Models", "DataAccessLayer\Models\Models.csproj", "{5EA9931F-3D01-4769-BD76-967A0601060C}"
EndProject
Project("{2150E333-8FDC-42A3-9474-1A3956D46DE8}") = "BusinessLogicLayer", "BusinessLogicLayer", "{CEA99B86-BC39-46C1-B1FE-17EA8E39386D}"
EndProject
Project("{2150E333-8FDC-42A3-9474-1A3956D46DE8}") = "Models2", "Models2", "{829626BC-5322-4862-8C93-D2BB70AC6C38}"
EndProject
Project("{2150E333-8FDC-42A3-9474-1A3956D46DE8}") = "Managers", "Managers", "{A263EEE6-8DA6-4787-88BB-A357D563CA3D}"
EndProject
Project("{FAE04EC0-301F-11D3-BF4B-00C04F79EFBC}") = "Managers", "BusinessLogicLayer\Managers\Managers.csproj", "{A4362BFB-1699-4F17-A5DB-D41BAF62DA5E}"
EndProject
Project("{FAE04EC0-301F-11D3-BF4B-00C04F79EFBC}") = "Models2", "BusinessLogicLayer\Models\Models2.csproj", "{9B801959-B497-46EE-8AE9-E6F817373851}"
EndProject
Global
	GlobalSection(SolutionConfigurationPlatforms) = preSolution
		Debug|Any CPU = Debug|Any CPU
		Release|Any CPU = Release|Any CPU
	EndGlobalSection
	GlobalSection(ProjectConfigurationPlatforms) = postSolution
		{D221D698-67DC-4732-B1E0-AD0B4E3CDE4E}.Debug|Any CPU.ActiveCfg = Debug|Any CPU
		{D221D698-67DC-4732-B1E0-AD0B4E3CDE4E}.Debug|Any CPU.Build.0 = Debug|Any CPU
		{D221D698-67DC-4732-B1E0-AD0B4E3CDE4E}.Release|Any CPU.ActiveCfg = Release|Any CPU
		{D221D698-67DC-4732-B1E0-AD0B4E3CDE4E}.Release|Any CPU.Build.0 = Release|Any CPU
		{A456B14B-EE25-49AE-B5E0-83CDD96D80EE}.Debug|Any CPU.ActiveCfg = Debug|Any CPU
		{A456B14B-EE25-49AE-B5E0-83CDD96D80EE}.Debug|Any CPU.Build.0 = Debug|Any CPU
		{A456B14B-EE25-49AE-B5E0-83CDD96D80EE}.Release|Any CPU.ActiveCfg = Release|Any CPU
		{A456B14B-EE25-49AE-B5E0-83CDD96D80EE}.Release|Any CPU.Build.0 = Release|Any CPU
		{E2B6E8A7-169D-4176-83EC-75C0F9D7B2BD}.Debug|Any CPU.ActiveCfg = Debug|Any CPU
		{E2B6E8A7-169D-4176-83EC-75C0F9D7B2BD}.Debug|Any CPU.Build.0 = Debug|Any CPU
		{E2B6E8A7-169D-4176-83EC-75C0F9D7B2BD}.Release|Any CPU.ActiveCfg = Release|Any CPU
		{E2B6E8A7-169D-4176-83EC-75C0F9D7B2BD}.Release|Any CPU.Build.0 = Release|Any CPU
		{5EA9931F-3D01-4769-BD76-967A0601060C}.Debug|Any CPU.ActiveCfg = Debug|Any CPU
		{5EA9931F-3D01-4769-BD76-967A0601060C}.Debug|Any CPU.Build.0 = Debug|Any CPU
		{5EA9931F-3D01-4769-BD76-967A0601060C}.Release|Any CPU.ActiveCfg = Release|Any CPU
		{5EA9931F-3D01-4769-BD76-967A0601060C}.Release|Any CPU.Build.0 = Release|Any CPU
		{A4362BFB-1699-4F17-A5DB-D41BAF62DA5E}.Debug|Any CPU.ActiveCfg = Debug|Any CPU
		{A4362BFB-1699-4F17-A5DB-D41BAF62DA5E}.Debug|Any CPU.Build.0 = Debug|Any CPU
		{A4362BFB-1699-4F17-A5DB-D41BAF62DA5E}.Release|Any CPU.ActiveCfg = Release|Any CPU
		{A4362BFB-1699-4F17-A5DB-D41BAF62DA5E}.Release|Any CPU.Build.0 = Release|Any CPU
		{9B801959-B497-46EE-8AE9-E6F817373851}.Debug|Any CPU.ActiveCfg = Debug|Any CPU
		{9B801959-B497-46EE-8AE9-E6F817373851}.Debug|Any CPU.Build.0 = Debug|Any CPU
		{9B801959-B497-46EE-8AE9-E6F817373851}.Release|Any CPU.ActiveCfg = Release|Any CPU
		{9B801959-B497-46EE-8AE9-E6F817373851}.Release|Any CPU.Build.0 = Release|Any CPU
	EndGlobalSection
	GlobalSection(SolutionProperties) = preSolution
		HideSolutionNode = FALSE
	EndGlobalSection
	GlobalSection(NestedProjects) = preSolution
		{01C60C76-6B78-4516-AFFD-DBB7CCB8BBBE} = {6F4DAFCB-8719-441B-B87F-FA821671A83B}
		{01456457-3BCB-49AA-B3F8-D1CF0ED1182D} = {6F4DAFCB-8719-441B-B87F-FA821671A83B}
		{F1E20559-2ADB-414B-A5E3-1A7C40404916} = {6F4DAFCB-8719-441B-B87F-FA821671A83B}
		{AF72F710-1D56-409F-937A-11ECB4EBBE00} = {6F4DAFCB-8719-441B-B87F-FA821671A83B}
		{D221D698-67DC-4732-B1E0-AD0B4E3CDE4E} = {01C60C76-6B78-4516-AFFD-DBB7CCB8BBBE}
		{A456B14B-EE25-49AE-B5E0-83CDD96D80EE} = {01456457-3BCB-49AA-B3F8-D1CF0ED1182D}
		{E2B6E8A7-169D-4176-83EC-75C0F9D7B2BD} = {F1E20559-2ADB-414B-A5E3-1A7C40404916}
		{5EA9931F-3D01-4769-BD76-967A0601060C} = {AF72F710-1D56-409F-937A-11ECB4EBBE00}
		{829626BC-5322-4862-8C93-D2BB70AC6C38} = {CEA99B86-BC39-46C1-B1FE-17EA8E39386D}
		{A263EEE6-8DA6-4787-88BB-A357D563CA3D} = {CEA99B86-BC39-46C1-B1FE-17EA8E39386D}
		{A4362BFB-1699-4F17-A5DB-D41BAF62DA5E} = {A263EEE6-8DA6-4787-88BB-A357D563CA3D}
		{9B801959-B497-46EE-8AE9-E6F817373851} = {829626BC-5322-4862-8C93-D2BB70AC6C38}
	EndGlobalSection
	GlobalSection(ExtensibilityGlobals) = postSolution
		SolutionGuid = {8D6B37D5-CCA4-4523-8384-7E4874B49A42}
	EndGlobalSection
EndGlobal
